# This file is automatically @generated by Cargo.
# It is not intended for manual editing.
version = 4

[[package]]
name = "stair-device"
version = "0.10.0"
dependencies = [
 "stair-kernel",
]

[[package]]
name = "stair-kernel"
version = "0.10.0"

[[package]]
name = "stair-llama-rms-norm"
version = "0.0.0"
dependencies = [
 "stair-device",
]
